{
  "version": 4,
  "terraform_version": "1.1.4",
  "serial": 8,
  "lineage": "7cbc93ca-36e9-6337-0e57-434e08a97819",
  "outputs": {},
  "resources": [
    {
      "mode": "managed",
      "type": "azurerm_linux_web_app",
      "name": "linux-webapp",
      "provider": "provider[\"registry.terraform.io/hashicorp/azurerm\"]",
      "instances": [
        {
          "schema_version": 0,
          "attributes": {
            "app_settings": {},
            "auth_settings": [
              {
                "active_directory": [],
                "additional_login_parameters": {},
                "allowed_external_redirect_urls": [],
                "default_provider": "",
                "enabled": false,
                "facebook": [],
                "github": [],
                "google": [],
                "issuer": "",
                "microsoft": [],
                "runtime_version": "",
                "token_refresh_extension_hours": 0,
                "token_store_enabled": false,
                "twitter": [],
                "unauthenticated_client_action": ""
              }
            ],
            "backup": [],
            "client_affinity_enabled": false,
            "client_certificate_enabled": false,
            "client_certificate_mode": "Required",
            "connection_string": [],
            "custom_domain_verification_id": "D81291F5CCF87AE767E0AED41C3BFABA411435F030C5D9CAC8B24A87552BE9DE",
            "default_hostname": "linux-webapp-terraform-static-site.azurewebsites.net",
            "enabled": true,
            "https_only": false,
            "id": "/subscriptions/1f401e74-9897-4f2a-9b43-2991c65a3139/resourceGroups/rg-terraform-static-site/providers/Microsoft.Web/sites/linux-webapp-terraform-static-site",
            "identity": [],
            "key_vault_reference_identity_id": "SystemAssigned",
            "kind": "app,linux",
            "location": "eastus",
            "logs": [],
            "name": "linux-webapp-terraform-static-site",
            "outbound_ip_address_list": [
              "20.121.111.18",
              "20.121.111.57",
              "20.121.111.68",
              "20.121.111.116",
              "20.121.111.173",
              "20.121.111.187",
              "20.119.8.24"
            ],
            "outbound_ip_addresses": "20.121.111.18,20.121.111.57,20.121.111.68,20.121.111.116,20.121.111.173,20.121.111.187,20.119.8.24",
            "possible_outbound_ip_address_list": [
              "20.121.109.236",
              "20.121.110.85",
              "20.121.110.155",
              "20.121.110.160",
              "20.121.110.177",
              "20.121.110.218",
              "20.121.111.18",
              "20.121.111.57",
              "20.121.111.68",
              "20.121.111.116",
              "20.121.111.173",
              "20.121.111.187",
              "20.121.111.207",
              "20.121.111.249",
              "20.237.8.9",
              "20.237.8.12",
              "20.237.8.37",
              "20.237.8.39",
              "20.237.8.112",
              "20.237.8.198",
              "20.237.8.208",
              "20.237.8.231",
              "20.237.8.234",
              "20.237.9.30",
              "20.119.8.24"
            ],
            "possible_outbound_ip_addresses": "20.121.109.236,20.121.110.85,20.121.110.155,20.121.110.160,20.121.110.177,20.121.110.218,20.121.111.18,20.121.111.57,20.121.111.68,20.121.111.116,20.121.111.173,20.121.111.187,20.121.111.207,20.121.111.249,20.237.8.9,20.237.8.12,20.237.8.37,20.237.8.39,20.237.8.112,20.237.8.198,20.237.8.208,20.237.8.231,20.237.8.234,20.237.9.30,20.119.8.24",
            "resource_group_name": "rg-terraform-static-site",
            "service_plan_id": "/subscriptions/1f401e74-9897-4f2a-9b43-2991c65a3139/resourceGroups/rg-terraform-static-site/providers/Microsoft.Web/serverfarms/sp-terraform-static-site",
            "site_config": [
              {
                "always_on": true,
                "api_definition_url": "",
                "api_management_api_id": "",
                "app_command_line": "",
                "application_stack": [
                  {
                    "docker_image": "",
                    "docker_image_tag": "",
                    "dotnet_version": "",
                    "java_server": "",
                    "java_server_version": "",
                    "java_version": "",
                    "node_version": "",
                    "php_version": "",
                    "python_version": "",
                    "ruby_version": ""
                  }
                ],
                "auto_heal_enabled": false,
                "auto_heal_setting": [],
                "container_registry_managed_identity_client_id": "",
                "container_registry_use_managed_identity": false,
                "cors": [],
                "default_documents": [
                  "Default.htm",
                  "Default.html",
                  "Default.asp",
                  "index.htm",
                  "index.html",
                  "iisstart.htm",
                  "default.aspx",
                  "index.php",
                  "hostingstart.html"
                ],
                "detailed_error_logging_enabled": false,
                "ftps_state": "Disabled",
                "health_check_eviction_time_in_min": 0,
                "health_check_path": "",
                "http2_enabled": false,
                "ip_restriction": [],
                "linux_fx_version": "",
                "load_balancing_mode": "LeastRequests",
                "local_mysql_enabled": false,
                "managed_pipeline_mode": "Integrated",
                "minimum_tls_version": "1.2",
                "remote_debugging_enabled": false,
                "remote_debugging_version": "VS2019",
                "scm_ip_restriction": [],
                "scm_minimum_tls_version": "1.2",
                "scm_type": "None",
                "scm_use_main_ip_restriction": false,
                "use_32_bit_worker": true,
                "vnet_route_all_enabled": false,
                "websockets_enabled": false,
                "worker_count": 1
              }
            ],
            "site_credential": [
              {
                "name": "$linux-webapp-terraform-static-site",
                "password": "PnfWBfaHiyzrzPcR0N7SMwEfHtq6gXYwQKdc29szwuiK3g7RFCsBs44ANDGq"
              }
            ],
            "sticky_settings": [],
            "storage_account": [],
            "tags": {},
            "timeouts": null,
            "virtual_network_subnet_id": "",
            "zip_deploy_file": "index.zip"
          },
          "sensitive_attributes": [],
          "private": "eyJlMmJmYjczMC1lY2FhLTExZTYtOGY4OC0zNDM2M2JjN2M0YzAiOnsiY3JlYXRlIjoxODAwMDAwMDAwMDAwLCJkZWxldGUiOjE4MDAwMDAwMDAwMDAsInJlYWQiOjMwMDAwMDAwMDAwMCwidXBkYXRlIjoxODAwMDAwMDAwMDAwfX0=",
          "dependencies": [
            "azurerm_resource_group.rg",
            "azurerm_service_plan.sp"
          ]
        }
      ]
    },
    {
      "mode": "managed",
      "type": "azurerm_resource_group",
      "name": "rg",
      "provider": "provider[\"registry.terraform.io/hashicorp/azurerm\"]",
      "instances": [
        {
          "schema_version": 0,
          "attributes": {
            "id": "/subscriptions/1f401e74-9897-4f2a-9b43-2991c65a3139/resourceGroups/rg-terraform-static-site",
            "location": "eastus",
            "name": "rg-terraform-static-site",
            "tags": {},
            "timeouts": null
          },
          "sensitive_attributes": [],
          "private": "eyJlMmJmYjczMC1lY2FhLTExZTYtOGY4OC0zNDM2M2JjN2M0YzAiOnsiY3JlYXRlIjo1NDAwMDAwMDAwMDAwLCJkZWxldGUiOjU0MDAwMDAwMDAwMDAsInJlYWQiOjMwMDAwMDAwMDAwMCwidXBkYXRlIjo1NDAwMDAwMDAwMDAwfX0="
        }
      ]
    },
    {
      "mode": "managed",
      "type": "azurerm_service_plan",
      "name": "sp",
      "provider": "provider[\"registry.terraform.io/hashicorp/azurerm\"]",
      "instances": [
        {
          "schema_version": 0,
          "attributes": {
            "app_service_environment_id": "",
            "id": "/subscriptions/1f401e74-9897-4f2a-9b43-2991c65a3139/resourceGroups/rg-terraform-static-site/providers/Microsoft.Web/serverfarms/sp-terraform-static-site",
            "kind": "linux",
            "location": "eastus",
            "maximum_elastic_worker_count": 1,
            "name": "sp-terraform-static-site",
            "os_type": "Linux",
            "per_site_scaling_enabled": false,
            "reserved": true,
            "resource_group_name": "rg-terraform-static-site",
            "sku_name": "P1v2",
            "tags": {},
            "timeouts": null,
            "worker_count": 1,
            "zone_balancing_enabled": false
          },
          "sensitive_attributes": [],
          "private": "eyJlMmJmYjczMC1lY2FhLTExZTYtOGY4OC0zNDM2M2JjN2M0YzAiOnsiY3JlYXRlIjozNjAwMDAwMDAwMDAwLCJkZWxldGUiOjM2MDAwMDAwMDAwMDAsInJlYWQiOjMwMDAwMDAwMDAwMCwidXBkYXRlIjozNjAwMDAwMDAwMDAwfX0=",
          "dependencies": [
            "azurerm_resource_group.rg"
          ]
        }
      ]
    }
  ]
}
